{
  "originHash" : "129755be3905e823e96e493bf845d9eb57e3f4809da0e5a3808da86ff5dc0b68",
  "pins" : [
    {
      "identity" : "emojikit",
      "kind" : "remoteSourceControl",
      "location" : "https://github.com/danielsaidi/EmojiKit.git",
      "state" : {
        "revision" : "6613863e83dbde4bf4aa8bc100c01e08866fadc4",
        "version" : "3.0.0"
      }
    }
  ],
  "version" : 3
}
